
Microsoft Visual Studio Solution File, Format Version 12.00
# Visual Studio 2013
VisualStudioVersion = 12.0.30723.0
MinimumVisualStudioVersion = 10.0.40219.1
Project("{FAE04EC0-301F-11D3-BF4B-00C04F79EFBC}") = "SalesManager", "SalesManager\SalesManager.csproj", "{D7C168DF-00CC-4934-92A3-72BE7DB36584}"
EndProject
Project("{FAE04EC0-301F-11D3-BF4B-00C04F79EFBC}") = "DAL", "DAL\DAL.csproj", "{604C762A-D738-4923-9669-A87CCE79C934}"
EndProject
Project("{FAE04EC0-301F-11D3-BF4B-00C04F79EFBC}") = "BL", "BL\BL.csproj", "{EEFE458C-C8AB-4D3C-AF44-1D4CF31CC8C9}"
EndProject
Project("{FAE04EC0-301F-11D3-BF4B-00C04F79EFBC}") = "EntityModels", "EntityModels\EntityModels.csproj", "{508F5625-81FC-4BCC-8FCE-9EA785CCA0F9}"
EndProject
Global
	GlobalSection(SolutionConfigurationPlatforms) = preSolution
		Debug|Any CPU = Debug|Any CPU
		Release|Any CPU = Release|Any CPU
	EndGlobalSection
	GlobalSection(ProjectConfigurationPlatforms) = postSolution
		{D7C168DF-00CC-4934-92A3-72BE7DB36584}.Debug|Any CPU.ActiveCfg = Debug|Any CPU
		{D7C168DF-00CC-4934-92A3-72BE7DB36584}.Debug|Any CPU.Build.0 = Debug|Any CPU
		{D7C168DF-00CC-4934-92A3-72BE7DB36584}.Release|Any CPU.ActiveCfg = Release|Any CPU
		{D7C168DF-00CC-4934-92A3-72BE7DB36584}.Release|Any CPU.Build.0 = Release|Any CPU
		{604C762A-D738-4923-9669-A87CCE79C934}.Debug|Any CPU.ActiveCfg = Debug|Any CPU
		{604C762A-D738-4923-9669-A87CCE79C934}.Debug|Any CPU.Build.0 = Debug|Any CPU
		{604C762A-D738-4923-9669-A87CCE79C934}.Release|Any CPU.ActiveCfg = Release|Any CPU
		{604C762A-D738-4923-9669-A87CCE79C934}.Release|Any CPU.Build.0 = Release|Any CPU
		{EEFE458C-C8AB-4D3C-AF44-1D4CF31CC8C9}.Debug|Any CPU.ActiveCfg = Debug|Any CPU
		{EEFE458C-C8AB-4D3C-AF44-1D4CF31CC8C9}.Debug|Any CPU.Build.0 = Debug|Any CPU
		{EEFE458C-C8AB-4D3C-AF44-1D4CF31CC8C9}.Release|Any CPU.ActiveCfg = Release|Any CPU
		{EEFE458C-C8AB-4D3C-AF44-1D4CF31CC8C9}.Release|Any CPU.Build.0 = Release|Any CPU
		{508F5625-81FC-4BCC-8FCE-9EA785CCA0F9}.Debug|Any CPU.ActiveCfg = Debug|Any CPU
		{508F5625-81FC-4BCC-8FCE-9EA785CCA0F9}.Debug|Any CPU.Build.0 = Debug|Any CPU
		{508F5625-81FC-4BCC-8FCE-9EA785CCA0F9}.Release|Any CPU.ActiveCfg = Release|Any CPU
		{508F5625-81FC-4BCC-8FCE-9EA785CCA0F9}.Release|Any CPU.Build.0 = Release|Any CPU
	EndGlobalSection
	GlobalSection(SolutionProperties) = preSolution
		HideSolutionNode = FALSE
	EndGlobalSection
EndGlobal
